
Microsoft Visual Studio Solution File, Format Version 12.00
# Visual Studio Version 17
VisualStudioVersion = 17.0.31903.59
MinimumVisualStudioVersion = 10.0.40219.1
Project("{FAE04EC0-301F-11D3-BF4B-00C04F79EFBC}") = "bankaccount", "src\bank_account\bankaccount.csproj", "{7B3127B7-05AE-4C13-B115-F714CE84217A}"
EndProject
Project("{FAE04EC0-301F-11D3-BF4B-00C04F79EFBC}") = "Person", "src\Person\Person.csproj", "{48AB29F6-ADFA-4951-B93F-F408E42D13C0}"
EndProject
Project("{FAE04EC0-301F-11D3-BF4B-00C04F79EFBC}") = "Adress", "src\adress\adress.csproj", "{106A9BE3-A0EB-4BA2-ABAA-957D0B9D9A5C}"
EndProject
Global
	GlobalSection(SolutionConfigurationPlatforms) = preSolution
		Debug|Any CPU = Debug|Any CPU
		Release|Any CPU = Release|Any CPU
	EndGlobalSection
	GlobalSection(SolutionProperties) = preSolution
		HideSolutionNode = FALSE
	EndGlobalSection
	GlobalSection(ProjectConfigurationPlatforms) = postSolution
		{7B3127B7-05AE-4C13-B115-F714CE84217A}.Debug|Any CPU.ActiveCfg = Debug|Any CPU
		{7B3127B7-05AE-4C13-B115-F714CE84217A}.Debug|Any CPU.Build.0 = Debug|Any CPU
		{7B3127B7-05AE-4C13-B115-F714CE84217A}.Release|Any CPU.ActiveCfg = Release|Any CPU
		{7B3127B7-05AE-4C13-B115-F714CE84217A}.Release|Any CPU.Build.0 = Release|Any CPU
		{48AB29F6-ADFA-4951-B93F-F408E42D13C0}.Debug|Any CPU.ActiveCfg = Debug|Any CPU
		{48AB29F6-ADFA-4951-B93F-F408E42D13C0}.Debug|Any CPU.Build.0 = Debug|Any CPU
		{48AB29F6-ADFA-4951-B93F-F408E42D13C0}.Release|Any CPU.ActiveCfg = Release|Any CPU
		{48AB29F6-ADFA-4951-B93F-F408E42D13C0}.Release|Any CPU.Build.0 = Release|Any CPU
		{106A9BE3-A0EB-4BA2-ABAA-957D0B9D9A5C}.Debug|Any CPU.ActiveCfg = Debug|Any CPU
		{106A9BE3-A0EB-4BA2-ABAA-957D0B9D9A5C}.Debug|Any CPU.Build.0 = Debug|Any CPU
		{106A9BE3-A0EB-4BA2-ABAA-957D0B9D9A5C}.Release|Any CPU.ActiveCfg = Release|Any CPU
		{106A9BE3-A0EB-4BA2-ABAA-957D0B9D9A5C}.Release|Any CPU.Build.0 = Release|Any CPU
	EndGlobalSection
EndGlobal
